// !$*UTF8*$!
{
	archiveVersion = 1;
	classes = {
	};
	objectVersion = 46;
	objects = {

/* Begin PBXBuildFile section */
		85C93D4C1C0D3DF800E2E413 /* main.m in Sources */ = {isa = PBXBuildFile; fileRef = 85C93D4B1C0D3DF800E2E413 /* main.m */; };
		85C93D4F1C0D3DF800E2E413 /* AppDelegate.m in Sources */ = {isa = PBXBuildFile; fileRef = 85C93D4E1C0D3DF800E2E413 /* AppDelegate.m */; };
		85C93D521C0D3DF800E2E413 /* ViewController.m in Sources */ = {isa = PBXBuildFile; fileRef = 85C93D511C0D3DF800E2E413 /* ViewController.m */; };
		85C93D551C0D3DF800E2E413 /* Main.storyboard in Resources */ = {isa = PBXBuildFile; fileRef = 85C93D531C0D3DF800E2E413 /* Main.storyboard */; };
		85C93D571C0D3DF800E2E413 /* Assets.xcassets in Resources */ = {isa = PBXBuildFile; fileRef = 85C93D561C0D3DF800E2E413 /* Assets.xcassets */; };
		85C93D5A1C0D3DF800E2E413 /* LaunchScreen.storyboard in Resources */ = {isa = PBXBuildFile; fileRef = 85C93D581C0D3DF800E2E413 /* LaunchScreen.storyboard */; };
		85C93D651C0D3DF800E2E413 /* kkkkTests.m in Sources */ = {isa = PBXBuildFile; fileRef = 85C93D641C0D3DF800E2E413 /* kkkkTests.m */; };
		85C93D701C0D3DF800E2E413 /* kkkkUITests.m in Sources */ = {isa = PBXBuildFile; fileRef = 85C93D6F1C0D3DF800E2E413 /* kkkkUITests.m */; };
/* End PBXBuildFile section */

/* Begin PBXContainerItemProxy section */
		85C93D611C0D3DF800E2E413 /* PBXContainerItemProxy */ = {
			isa = PBXContainerItemProxy;
			containerPortal = 85C93D3F1C0D3DF800E2E413 /* Project object */;
			proxyType = 1;
			remoteGlobalIDString = 85C93D461C0D3DF800E2E413;
			remoteInfo = kkkk;
		};
		85C93D6C1C0D3DF800E2E413 /* PBXContainerItemProxy */ = {
			isa = PBXContainerItemProxy;
			containerPortal = 85C93D3F1C0D3DF800E2E413 /* Project object */;
			proxyType = 1;
			remoteGlobalIDString = 85C93D461C0D3DF800E2E413;
			remoteInfo = kkkk;
		};
/* End PBXContainerItemProxy section */

/* Begin PBXFileReference section */
		85C93D471C0D3DF800E2E413 /* kkkk.app */ = {isa = PBXFileReference; explicitFileType = wrapper.application; includeInIndex = 0; path = kkkk.app; sourceTree = BUILT_PRODUCTS_DIR; };
		85C93D4B1C0D3DF800E2E413 /* main.m */ = {isa = PBXFileReference; lastKnownFileType = sourcecode.c.objc; path = main.m; sourceTree = "<group>"; };
		85C93D4D1C0D3DF800E2E413 /* AppDelegate.h */ = {isa = PBXFileReference; lastKnownFileType = sourcecode.c.h; path = AppDelegate.h; sourceTree = "<group>"; };
		85C93D4E1C0D3DF800E2E413 /* AppDelegate.m */ = {isa = PBXFileReference; lastKnownFileType = sourcecode.c.objc; path = AppDelegate.m; sourceTree = "<group>"; };
		85C93D501C0D3DF800E2E413 /* ViewController.h */ = {isa = PBXFileReference; lastKnownFileType = sourcecode.c.h; path = ViewController.h; sourceTree = "<group>"; };
		85C93D511C0D3DF800E2E413 /* ViewController.m */ = {isa = PBXFileReference; lastKnownFileType = sourcecode.c.objc; path = ViewController.m; sourceTree = "<group>"; };
		85C93D541C0D3DF800E2E413 /* Base */ = {isa = PBXFileReference; lastKnownFileType = file.storyboard; name = Base; path = Base.lproj/Main.storyboard; sourceTree = "<group>"; };
		85C93D561C0D3DF800E2E413 /* Assets.xcassets */ = {isa = PBXFileReference; lastKnownFileType = folder.assetcatalog; path = Assets.xcassets; sourceTree = "<group>"; };
		85C93D591C0D3DF800E2E413 /* Base */ = {isa = PBXFileReference; lastKnownFileType = file.storyboard; name = Base; path = Base.lproj/LaunchScreen.storyboard; sourceTree = "<group>"; };
		85C93D5B1C0D3DF800E2E413 /* Info.plist */ = {isa = PBXFileReference; lastKnownFileType = text.plist.xml; path = Info.plist; sourceTree = "<group>"; };
		85C93D601C0D3DF800E2E413 /* kkkkTests.xctest */ = {isa = PBXFileReference; explicitFileType = wrapper.cfbundle; includeInIndex = 0; path = kkkkTests.xctest; sourceTree = BUILT_PRODUCTS_DIR; };
		85C93D641C0D3DF800E2E413 /* kkkkTests.m */ = {isa = PBXFileReference; lastKnownFileType = sourcecode.c.objc; path = kkkkTests.m; sourceTree = "<group>"; };
		85C93D661C0D3DF800E2E413 /* Info.plist */ = {isa = PBXFileReference; lastKnownFileType = text.plist.xml; path = Info.plist; sourceTree = "<group>"; };
		85C93D6B1C0D3DF800E2E413 /* kkkkUITests.xctest */ = {isa = PBXFileReference; explicitFileType = wrapper.cfbundle; includeInIndex = 0; path = kkkkUITests.xctest; sourceTree = BUILT_PRODUCTS_DIR; };
		85C93D6F1C0D3DF800E2E413 /* kkkkUITests.m */ = {isa = PBXFileReference; lastKnownFileType = sourcecode.c.objc; path = kkkkUITests.m; sourceTree = "<group>"; };
		85C93D711C0D3DF800E2E413 /* Info.plist */ = {isa = PBXFileReference; lastKnownFileType = text.plist.xml; path = Info.plist; sourceTree = "<group>"; };
/* End PBXFileReference section */

/* Begin PBXFrameworksBuildPhase section */
		85C93D441C0D3DF800E2E413 /* Frameworks */ = {
			isa = PBXFrameworksBuildPhase;
			buildActionMask = 2147483647;
			files = (
			);
			runOnlyForDeploymentPostprocessing = 0;
		};
		85C93D5D1C0D3DF800E2E413 /* Frameworks */ = {
			isa = PBXFrameworksBuildPhase;
			buildActionMask = 2147483647;
			files = (
			);
			runOnlyForDeploymentPostprocessing = 0;
		};
		85C93D681C0D3DF800E2E413 /* Frameworks */ = {
			isa = PBXFrameworksBuildPhase;
			buildActionMask = 2147483647;
			files = (
			);
			runOnlyForDeploymentPostprocessing = 0;
		};
/* End PBXFrameworksBuildPhase section */

/* Begin PBXGroup section */
		85C93D3E1C0D3DF800E2E413 = {
			isa = PBXGroup;
			children = (
				85C93D491C0D3DF800E2E413 /* kkkk */,
				85C93D631C0D3DF800E2E413 /* kkkkTests */,
				85C93D6E1C0D3DF800E2E413 /* kkkkUITests */,
				85C93D481C0D3DF800E2E413 /* Products */,
			);
			sourceTree = "<group>";
		};
		85C93D481C0D3DF800E2E413 /* Products */ = {
			isa = PBXGroup;
			children = (
				85C93D471C0D3DF800E2E413 /* kkkk.app */,
				85C93D601C0D3DF800E2E413 /* kkkkTests.xctest */,
				85C93D6B1C0D3DF800E2E413 /* kkkkUITests.xctest */,
			);
			name = Products;
			sourceTree = "<group>";
		};
		85C93D491C0D3DF800E2E413 /* kkkk */ = {
			isa = PBXGroup;
			children = (
				85C93D4D1C0D3DF800E2E413 /* AppDelegate.h */,
				85C93D4E1C0D3DF800E2E413 /* AppDelegate.m */,
				85C93D501C0D3DF800E2E413 /* ViewController.h */,
				85C93D511C0D3DF800E2E413 /* ViewController.m */,
				85C93D531C0D3DF800E2E413 /* Main.storyboard */,
				85C93D561C0D3DF800E2E413 /* Assets.xcassets */,
				85C93D581C0D3DF800E2E413 /* LaunchScreen.storyboard */,
				85C93D5B1C0D3DF800E2E413 /* Info.plist */,
				85C93D4A1C0D3DF800E2E413 /* Supporting Files */,
			);
			path = kkkk;
			sourceTree = "<group>";
		};
		85C93D4A1C0D3DF800E2E413 /* Supporting Files */ = {
			isa = PBXGroup;
			children = (
				85C93D4B1C0D3DF800E2E413 /* main.m */,
			);
			name = "Supporting Files";
			sourceTree = "<group>";
		};
		85C93D631C0D3DF800E2E413 /* kkkkTests */ = {
			isa = PBXGroup;
			children = (
				85C93D641C0D3DF800E2E413 /* kkkkTests.m */,
				85C93D661C0D3DF800E2E413 /* Info.plist */,
			);
			path = kkkkTests;
			sourceTree = "<group>";
		};
		85C93D6E1C0D3DF800E2E413 /* kkkkUITests */ = {
			isa = PBXGroup;
			children = (
				85C93D6F1C0D3DF800E2E413 /* kkkkUITests.m */,
				85C93D711C0D3DF800E2E413 /* Info.plist */,
			);
			path = kkkkUITests;
			sourceTree = "<group>";
		};
/* End PBXGroup section */

/* Begin PBXNativeTarget section */
		85C93D461C0D3DF800E2E413 /* kkkk */ = {
			isa = PBXNativeTarget;
			buildConfigurationList = 85C93D741C0D3DF800E2E413 /* Build configuration list for PBXNativeTarget "kkkk" */;
			buildPhases = (
				85C93D431C0D3DF800E2E413 /* Sources */,
				85C93D441C0D3DF800E2E413 /* Frameworks */,
				85C93D451C0D3DF800E2E413 /* Resources */,
			);
			buildRules = (
			);
			dependencies = (
			);
			name = kkkk;
			productName = kkkk;
			productReference = 85C93D471C0D3DF800E2E413 /* kkkk.app */;
			productType = "com.apple.product-type.application";
		};
		85C93D5F1C0D3DF800E2E413 /* kkkkTests */ = {
			isa = PBXNativeTarget;
			buildConfigurationList = 85C93D771C0D3DF800E2E413 /* Build configuration list for PBXNativeTarget "kkkkTests" */;
			buildPhases = (
				85C93D5C1C0D3DF800E2E413 /* Sources */,
				85C93D5D1C0D3DF800E2E413 /* Frameworks */,
				85C93D5E1C0D3DF800E2E413 /* Resources */,
			);
			buildRules = (
			);
			dependencies = (
				85C93D621C0D3DF800E2E413 /* PBXTargetDependency */,
			);
			name = kkkkTests;
			productName = kkkkTests;
			productReference = 85C93D601C0D3DF800E2E413 /* kkkkTests.xctest */;
			productType = "com.apple.product-type.bundle.unit-test";
		};
		85C93D6A1C0D3DF800E2E413 /* kkkkUITests */ = {
			isa = PBXNativeTarget;
			buildConfigurationList = 85C93D7A1C0D3DF800E2E413 /* Build configuration list for PBXNativeTarget "kkkkUITests" */;
			buildPhases = (
				85C93D671C0D3DF800E2E413 /* Sources */,
				85C93D681C0D3DF800E2E413 /* Frameworks */,
				85C93D691C0D3DF800E2E413 /* Resources */,
			);
			buildRules = (
			);
			dependencies = (
				85C93D6D1C0D3DF800E2E413 /* PBXTargetDependency */,
			);
			name = kkkkUITests;
			productName = kkkkUITests;
			productReference = 85C93D6B1C0D3DF800E2E413 /* kkkkUITests.xctest */;
			productType = "com.apple.product-type.bundle.ui-testing";
		};
/* End PBXNativeTarget section */

/* Begin PBXProject section */
		85C93D3F1C0D3DF800E2E413 /* Project object */ = {
			isa = PBXProject;
			attributes = {
				LastUpgradeCheck = 0710;
				ORGANIZATIONNAME = zhanghao;
				TargetAttributes = {
					85C93D461C0D3DF800E2E413 = {
						CreatedOnToolsVersion = 7.1;
					};
					85C93D5F1C0D3DF800E2E413 = {
						CreatedOnToolsVersion = 7.1;
						TestTargetID = 85C93D461C0D3DF800E2E413;
					};
					85C93D6A1C0D3DF800E2E413 = {
						CreatedOnToolsVersion = 7.1;
						TestTargetID = 85C93D461C0D3DF800E2E413;
					};
				};
			};
			buildConfigurationList = 85C93D421C0D3DF800E2E413 /* Build configuration list for PBXProject "kkkk" */;
			compatibilityVersion = "Xcode 3.2";
			developmentRegion = English;
			hasScannedForEncodings = 0;
			knownRegions = (
				en,
				Base,
			);
			mainGroup = 85C93D3E1C0D3DF800E2E413;
			productRefGroup = 85C93D481C0D3DF800E2E413 /* Products */;
			projectDirPath = "";
			projectRoot = "";
			targets = (
				85C93D461C0D3DF800E2E413 /* kkkk */,
				85C93D5F1C0D3DF800E2E413 /* kkkkTests */,
				85C93D6A1C0D3DF800E2E413 /* kkkkUITests */,
			);
		};
/* End PBXProject section */

/* Begin PBXResourcesBuildPhase section */
		85C93D451C0D3DF800E2E413 /* Resources */ = {
			isa = PBXResourcesBuildPhase;
			buildActionMask = 2147483647;
			files = (
				85C93D5A1C0D3DF800E2E413 /* LaunchScreen.storyboard in Resources */,
				85C93D571C0D3DF800E2E413 /* Assets.xcassets in Resources */,
				85C93D551C0D3DF800E2E413 /* Main.storyboard in Resources */,
			);
			runOnlyForDeploymentPostprocessing = 0;
		};
		85C93D5E1C0D3DF800E2E413 /* Resources */ = {
			isa = PBXResourcesBuildPhase;
			buildActionMask = 2147483647;
			files = (
			);
			runOnlyForDeploymentPostprocessing = 0;
		};
		85C93D691C0D3DF800E2E413 /* Resources */ = {
			isa = PBXResourcesBuildPhase;
			buildActionMask = 2147483647;
			files = (
			);
			runOnlyForDeploymentPostprocessing = 0;
		};
/* End PBXResourcesBuildPhase section */

/* Begin PBXSourcesBuildPhase section */
		85C93D431C0D3DF800E2E413 /* Sources */ = {
			isa = PBXSourcesBuildPhase;
			buildActionMask = 2147483647;
			files = (
				85C93D521C0D3DF800E2E413 /* ViewController.m in Sources */,
				85C93D4F1C0D3DF800E2E413 /* AppDelegate.m in Sources */,
				85C93D4C1C0D3DF800E2E413 /* main.m in Sources */,
			);
			runOnlyForDeploymentPostprocessing = 0;
		};
		85C93D5C1C0D3DF800E2E413 /* Sources */ = {
			isa = PBXSourcesBuildPhase;
			buildActionMask = 2147483647;
			files = (
				85C93D651C0D3DF800E2E413 /* kkkkTests.m in Sources */,
			);
			runOnlyForDeploymentPostprocessing = 0;
		};
		85C93D671C0D3DF800E2E413 /* Sources */ = {
			isa = PBXSourcesBuildPhase;
			buildActionMask = 2147483647;
			files = (
				85C93D701C0D3DF800E2E413 /* kkkkUITests.m in Sources */,
			);
			runOnlyForDeploymentPostprocessing = 0;
		};
/* End PBXSourcesBuildPhase section */

/* Begin PBXTargetDependency section */
		85C93D621C0D3DF800E2E413 /* PBXTargetDependency */ = {
			isa = PBXTargetDependency;
			target = 85C93D461C0D3DF800E2E413 /* kkkk */;
			targetProxy = 85C93D611C0D3DF800E2E413 /* PBXContainerItemProxy */;
		};
		85C93D6D1C0D3DF800E2E413 /* PBXTargetDependency */ = {
			isa = PBXTargetDependency;
			target = 85C93D461C0D3DF800E2E413 /* kkkk */;
			targetProxy = 85C93D6C1C0D3DF800E2E413 /* PBXContainerItemProxy */;
		};
/* End PBXTargetDependency section */

/* Begin PBXVariantGroup section */
		85C93D531C0D3DF800E2E413 /* Main.storyboard */ = {
			isa = PBXVariantGroup;
			children = (
				85C93D541C0D3DF800E2E413 /* Base */,
			);
			name = Main.storyboard;
			sourceTree = "<group>";
		};
		85C93D581C0D3DF800E2E413 /* LaunchScreen.storyboard */ = {
			isa = PBXVariantGroup;
			children = (
				85C93D591C0D3DF800E2E413 /* Base */,
			);
			name = LaunchScreen.storyboard;
			sourceTree = "<group>";
		};
/* End PBXVariantGroup section */

/* Begin XCBuildConfiguration section */
		85C93D721C0D3DF800E2E413 /* Debug */ = {
			isa = XCBuildConfiguration;
			buildSettings = {
				ALWAYS_SEARCH_USER_PATHS = NO;
				CLANG_CXX_LANGUAGE_STANDARD = "gnu++0x";
				CLANG_CXX_LIBRARY = "libc++";
				CLANG_ENABLE_MODULES = YES;
				CLANG_ENABLE_OBJC_ARC = YES;
				CLANG_WARN_BOOL_CONVERSION = YES;
				CLANG_WARN_CONSTANT_CONVERSION = YES;
				CLANG_WARN_DIRECT_OBJC_ISA_USAGE = YES_ERROR;
				CLANG_WARN_EMPTY_BODY = YES;
				CLANG_WARN_ENUM_CONVERSION = YES;
				CLANG_WARN_INT_CONVERSION = YES;
				CLANG_WARN_OBJC_ROOT_CLASS = YES_ERROR;
				CLANG_WARN_UNREACHABLE_CODE = YES;
				CLANG_WARN__DUPLICATE_METHOD_MATCH = YES;
				"CODE_SIGN_IDENTITY[sdk=iphoneos*]" = "iPhone Developer";
				COPY_PHASE_STRIP = NO;
				DEBUG_INFORMATION_FORMAT = dwarf;
				ENABLE_STRICT_OBJC_MSGSEND = YES;
				ENABLE_TESTABILITY = YES;
				GCC_C_LANGUAGE_STANDARD = gnu99;
				GCC_DYNAMIC_NO_PIC = NO;
				GCC_NO_COMMON_BLOCKS = YES;
				GCC_OPTIMIZATION_LEVEL = 0;
				GCC_PREPROCESSOR_DEFINITIONS = (
					"DEBUG=1",
					"$(inherited)",
				);
				GCC_WARN_64_TO_32_BIT_CONVERSION = YES;
				GCC_WARN_ABOUT_RETURN_TYPE = YES_ERROR;
				GCC_WARN_UNDECLARED_SELECTOR = YES;
				GCC_WARN_UNINITIALIZED_AUTOS = YES_AGGRESSIVE;
				GCC_WARN_UNUSED_FUNCTION = YES;
				GCC_WARN_UNUSED_VARIABLE = YES;
				IPHONEOS_DEPLOYMENT_TARGET = 9.1;
				MTL_ENABLE_DEBUG_INFO = YES;
				ONLY_ACTIVE_ARCH = YES;
				SDKROOT = iphoneos;
			};
			name = Debug;
		};
		85C93D731C0D3DF800E2E413 /* Release */ = {
			isa = XCBuildConfiguration;
			buildSettings = {
				ALWAYS_SEARCH_USER_PATHS = NO;
				CLANG_CXX_LANGUAGE_STANDARD = "gnu++0x";
				CLANG_CXX_LIBRARY = "libc++";
				CLANG_ENABLE_MODULES = YES;
				CLANG_ENABLE_OBJC_ARC = YES;
				CLANG_WARN_BOOL_CONVERSION = YES;
				CLANG_WARN_CONSTANT_CONVERSION = YES;
				CLANG_WARN_DIRECT_OBJC_ISA_USAGE = YES_ERROR;
				CLANG_WARN_EMPTY_BODY = YES;
				CLANG_WARN_ENUM_CONVERSION = YES;
				CLANG_WARN_INT_CONVERSION = YES;
				CLANG_WARN_OBJC_ROOT_CLASS = YES_ERROR;
				CLANG_WARN_UNREACHABLE_CODE = YES;
				CLANG_WARN__DUPLICATE_METHOD_MATCH = YES;
				"CODE_SIGN_IDENTITY[sdk=iphoneos*]" = "iPhone Developer";
				COPY_PHASE_STRIP = NO;
				DEBUG_INFORMATION_FORMAT = "dwarf-with-dsym";
				ENABLE_NS_ASSERTIONS = NO;
				ENABLE_STRICT_OBJC_MSGSEND = YES;
				GCC_C_LANGUAGE_STANDARD = gnu99;
				GCC_NO_COMMON_BLOCKS = YES;
				GCC_WARN_64_TO_32_BIT_CONVERSION = YES;
				GCC_WARN_ABOUT_RETURN_TYPE = YES_ERROR;
				GCC_WARN_UNDECLARED_SELECTOR = YES;
				GCC_WARN_UNINITIALIZED_AUTOS = YES_AGGRESSIVE;
				GCC_WARN_UNUSED_FUNCTION = YES;
				GCC_WARN_UNUSED_VARIABLE = YES;
				IPHONEOS_DEPLOYMENT_TARGET = 9.1;
				MTL_ENABLE_DEBUG_INFO = NO;
				SDKROOT = iphoneos;
				VALIDATE_PRODUCT = YES;
			};
			name = Release;
		};
		85C93D751C0D3DF800E2E413 /* Debug */ = {
			isa = XCBuildConfiguration;
			buildSettings = {
				ASSETCATALOG_COMPILER_APPICON_NAME = AppIcon;
				INFOPLIST_FILE = kkkk/Info.plist;
				LD_RUNPATH_SEARCH_PATHS = "$(inherited) @executable_path/Frameworks";
				PRODUCT_BUNDLE_IDENTIFIER = zhanghao.kkkk;
				PRODUCT_NAME = "$(TARGET_NAME)";
			};
			name = Debug;
		};
		85C93D761C0D3DF800E2E413 /* Release */ = {
			isa = XCBuildConfiguration;
			buildSettings = {
				ASSETCATALOG_COMPILER_APPICON_NAME = AppIcon;
				INFOPLIST_FILE = kkkk/Info.plist;
				LD_RUNPATH_SEARCH_PATHS = "$(inherited) @executable_path/Frameworks";
				PRODUCT_BUNDLE_IDENTIFIER = zhanghao.kkkk;
				PRODUCT_NAME = "$(TARGET_NAME)";
			};
			name = Release;
		};
		85C93D781C0D3DF800E2E413 /* Debug */ = {
			isa = XCBuildConfiguration;
			buildSettings = {
				BUNDLE_LOADER = "$(TEST_HOST)";
				INFOPLIST_FILE = kkkkTests/Info.plist;
				LD_RUNPATH_SEARCH_PATHS = "$(inherited) @executable_path/Frameworks @loader_path/Frameworks";
				PRODUCT_BUNDLE_IDENTIFIER = zhanghao.kkkkTests;
				PRODUCT_NAME = "$(TARGET_NAME)";
				TEST_HOST = "$(BUILT_PRODUCTS_DIR)/kkkk.app/kkkk";
			};
			name = Debug;
		};
		85C93D791C0D3DF800E2E413 /* Release */ = {
			isa = XCBuildConfiguration;
			buildSettings = {
				BUNDLE_LOADER = "$(TEST_HOST)";
				INFOPLIST_FILE = kkkkTests/Info.plist;
				LD_RUNPATH_SEARCH_PATHS = "$(inherited) @executable_path/Frameworks @loader_path/Frameworks";
				PRODUCT_BUNDLE_IDENTIFIER = zhanghao.kkkkTests;
				PRODUCT_NAME = "$(TARGET_NAME)";
				TEST_HOST = "$(BUILT_PRODUCTS_DIR)/kkkk.app/kkkk";
			};
			name = Release;
		};
		85C93D7B1C0D3DF800E2E413 /* Debug */ = {
			isa = XCBuildConfiguration;
			buildSettings = {
				INFOPLIST_FILE = kkkkUITests/Info.plist;
				LD_RUNPATH_SEARCH_PATHS = "$(inherited) @executable_path/Frameworks @loader_path/Frameworks";
				PRODUCT_BUNDLE_IDENTIFIER = zhanghao.kkkkUITests;
				PRODUCT_NAME = "$(TARGET_NAME)";
				TEST_TARGET_NAME = kkkk;
				USES_XCTRUNNER = YES;
			};
			name = Debug;
		};
		85C93D7C1C0D3DF800E2E413 /* Release */ = {
			isa = XCBuildConfiguration;
			buildSettings = {
				INFOPLIST_FILE = kkkkUITests/Info.plist;
				LD_RUNPATH_SEARCH_PATHS = "$(inherited) @executable_path/Frameworks @loader_path/Frameworks";
				PRODUCT_BUNDLE_IDENTIFIER = zhanghao.kkkkUITests;
				PRODUCT_NAME = "$(TARGET_NAME)";
				TEST_TARGET_NAME = kkkk;
				USES_XCTRUNNER = YES;
			};
			name = Release;
		};
/* End XCBuildConfiguration section */

/* Begin XCConfigurationList section */
		85C93D421C0D3DF800E2E413 /* Build configuration list for PBXProject "kkkk" */ = {
			isa = XCConfigurationList;
			buildConfigurations = (
				85C93D721C0D3DF800E2E413 /* Debug */,
				85C93D731C0D3DF800E2E413 /* Release */,
			);
			defaultConfigurationIsVisible = 0;
			defaultConfigurationName = Release;
		};
		85C93D741C0D3DF800E2E413 /* Build configuration list for PBXNativeTarget "kkkk" */ = {
			isa = XCConfigurationList;
			buildConfigurations = (
				85C93D751C0D3DF800E2E413 /* Debug */,
				85C93D761C0D3DF800E2E413 /* Release */,
			);
			defaultConfigurationIsVisible = 0;
		};
		85C93D771C0D3DF800E2E413 /* Build configuration list for PBXNativeTarget "kkkkTests" */ = {
			isa = XCConfigurationList;
			buildConfigurations = (
				85C93D781C0D3DF800E2E413 /* Debug */,
				85C93D791C0D3DF800E2E413 /* Release */,
			);
			defaultConfigurationIsVisible = 0;
		};
		85C93D7A1C0D3DF800E2E413 /* Build configuration list for PBXNativeTarget "kkkkUITests" */ = {
			isa = XCConfigurationList;
			buildConfigurations = (
				85C93D7B1C0D3DF800E2E413 /* Debug */,
				85C93D7C1C0D3DF800E2E413 /* Release */,
			);
			defaultConfigurationIsVisible = 0;
		};
/* End XCConfigurationList section */
	};
	rootObject = 85C93D3F1C0D3DF800E2E413 /* Project object */;
}
